<?xml version="1.0" encoding="utf-8"?>
<Project ToolsVersion="4.0" xmlns="http://schemas.microsoft.com/developer/msbuild/2003">
  <ItemGroup>
    <Filter Include="Source Files">
      <UniqueIdentifier>{4FC737F1-C7A5-4376-A066-2A32D752A2FF}</UniqueIdentifier>
      <Extensions>cpp;c;cc;cxx;def;odl;idl;hpj;bat;asm;asmx</Extensions>
    </Filter>
    <Filter Include="Header Files">
      <UniqueIdentifier>{93995380-89BD-4b04-88EB-625FBE52EBFB}</UniqueIdentifier>
      <Extensions>h;hh;hpp;hxx;hm;inl;inc;xsd</Extensions>
    </Filter>
    <Filter Include="Resource Files">
      <UniqueIdentifier>{67DA6AB6-F800-4c08-8B7A-83BB121AAD01}</UniqueIdentifier>
      <Extensions>rc;ico;cur;bmp;dlg;rc2;rct;bin;rgs;gif;jpg;jpeg;jpe;resx;tiff;tif;png;wav;mfcribbon-ms</Extensions>
    </Filter>
    <Filter Include="overlay">
      <UniqueIdentifier>{813a6582-16ac-49f4-9ec0-ead2acef388d}</UniqueIdentifier>
    </Filter>
    <Filter Include="GLWindow">
      <UniqueIdentifier>{3fb9cb26-d9d0-40f6-9054-9e01d86e9e8a}</UniqueIdentifier>
    </Filter>
    <Filter Include="Earth">
      <UniqueIdentifier>{360165d3-d420-4623-b227-17ec6da83ffa}</UniqueIdentifier>
    </Filter>
    <Filter Include="Earth\GLRender">
      <UniqueIdentifier>{568b9b27-e15a-4cba-8a06-e6f850c8da62}</UniqueIdentifier>
    </Filter>
  </ItemGroup>
  <ItemGroup>
    <Text Include="ReadMe.txt" />
  </ItemGroup>
  <ItemGroup>
    <ClInclude Include="stdafx.h">
      <Filter>Header Files</Filter>
    </ClInclude>
    <ClInclude Include="targetver.h">
      <Filter>Header Files</Filter>
    </ClInclude>
    <ClInclude Include="overlay.h">
      <Filter>overlay</Filter>
    </ClInclude>
    <ClInclude Include="desktop.h">
      <Filter>overlay</Filter>
    </ClInclude>
    <ClInclude Include="GLWindow.h">
      <Filter>GLWindow</Filter>
    </ClInclude>
    <ClInclude Include="earth\GLRender\glcamera.h">
      <Filter>Earth\GLRender</Filter>
    </ClInclude>
    <ClInclude Include="earth\GLRender\gllight.h">
      <Filter>Earth\GLRender</Filter>
    </ClInclude>
    <ClInclude Include="earth\GLRender\glmaterial.h">
      <Filter>Earth\GLRender</Filter>
    </ClInclude>
    <ClInclude Include="earth\GLRender\glmodel.h">
      <Filter>Earth\GLRender</Filter>
    </ClInclude>
    <ClInclude Include="earth\GLRender\glrender.h">
      <Filter>Earth\GLRender</Filter>
    </ClInclude>
    <ClInclude Include="earth\GLRender\glshader.h">
      <Filter>Earth\GLRender</Filter>
    </ClInclude>
    <ClInclude Include="earth\GLRender\glshape.h">
      <Filter>Earth\GLRender</Filter>
    </ClInclude>
    <ClInclude Include="earth\GLRender\graphicscene.h">
      <Filter>Earth\GLRender</Filter>
    </ClInclude>
    <ClInclude Include="earth\GLRender\graphicscontext.h">
      <Filter>Earth\GLRender</Filter>
    </ClInclude>
    <ClInclude Include="earth\GLRender\graphicsobject.h">
      <Filter>Earth\GLRender</Filter>
    </ClInclude>
    <ClInclude Include="earth\GLRender\renderable.h">
      <Filter>Earth\GLRender</Filter>
    </ClInclude>
    <ClInclude Include="earth\GLRender\scenemodel.h">
      <Filter>Earth\GLRender</Filter>
    </ClInclude>
    <ClInclude Include="earth\3dmath.h">
      <Filter>Earth</Filter>
    </ClInclude>
    <ClInclude Include="earth\color.h">
      <Filter>Earth</Filter>
    </ClInclude>
    <ClInclude Include="earth\customsphere.h">
      <Filter>Earth</Filter>
    </ClInclude>
    <ClInclude Include="earth\glstarseffect.h">
      <Filter>Earth</Filter>
    </ClInclude>
    <ClInclude Include="earth\player.h">
      <Filter>Earth</Filter>
    </ClInclude>
    <ClInclude Include="earth\sceneobject.h">
      <Filter>Earth</Filter>
    </ClInclude>
    <ClInclude Include="mytypes.h">
      <Filter>Source Files</Filter>
    </ClInclude>
  </ItemGroup>
  <ItemGroup>
    <ClCompile Include="stdafx.cpp">
      <Filter>Source Files</Filter>
    </ClCompile>
    <ClCompile Include="ConsoleApplication2.cpp">
      <Filter>Source Files</Filter>
    </ClCompile>
    <ClCompile Include="overlay.cpp">
      <Filter>overlay</Filter>
    </ClCompile>
    <ClCompile Include="desktop.cpp">
      <Filter>overlay</Filter>
    </ClCompile>
    <ClCompile Include="GLWindow.cpp">
      <Filter>GLWindow</Filter>
    </ClCompile>
    <ClCompile Include="earth\GLRender\glcamera.cpp">
      <Filter>Earth\GLRender</Filter>
    </ClCompile>
    <ClCompile Include="earth\GLRender\gllight.cpp">
      <Filter>Earth\GLRender</Filter>
    </ClCompile>
    <ClCompile Include="earth\GLRender\glmaterial.cpp">
      <Filter>Earth\GLRender</Filter>
    </ClCompile>
    <ClCompile Include="earth\GLRender\glmodel.cpp">
      <Filter>Earth\GLRender</Filter>
    </ClCompile>
    <ClCompile Include="earth\GLRender\glrender.cpp">
      <Filter>Earth\GLRender</Filter>
    </ClCompile>
    <ClCompile Include="earth\GLRender\glshader.cpp">
      <Filter>Earth\GLRender</Filter>
    </ClCompile>
    <ClCompile Include="earth\GLRender\glshape.cpp">
      <Filter>Earth\GLRender</Filter>
    </ClCompile>
    <ClCompile Include="earth\GLRender\graphicscene.cpp">
      <Filter>Earth\GLRender</Filter>
    </ClCompile>
    <ClCompile Include="earth\GLRender\graphicscontext.cpp">
      <Filter>Earth\GLRender</Filter>
    </ClCompile>
    <ClCompile Include="earth\GLRender\graphicsobject.cpp">
      <Filter>Earth\GLRender</Filter>
    </ClCompile>
    <ClCompile Include="earth\GLRender\scenemodel.cpp">
      <Filter>Earth\GLRender</Filter>
    </ClCompile>
    <ClCompile Include="earth\3dmath.cpp">
      <Filter>Earth</Filter>
    </ClCompile>
    <ClCompile Include="earth\customsphere.cpp">
      <Filter>Earth</Filter>
    </ClCompile>
    <ClCompile Include="earth\glstarseffect.cpp">
      <Filter>Earth</Filter>
    </ClCompile>
    <ClCompile Include="earth\player.cpp">
      <Filter>Earth</Filter>
    </ClCompile>
    <ClCompile Include="earth\sceneobject.cpp">
      <Filter>Earth</Filter>
    </ClCompile>
  </ItemGroup>
</Project>